<?xml version="1.0" encoding="utf-8"?>
<Project ToolsVersion="4.0" xmlns="http://schemas.microsoft.com/developer/msbuild/2003">
  <ItemGroup>
    <Filter Include="Source Files">
      <UniqueIdentifier>{4FC737F1-C7A5-4376-A066-2A32D752A2FF}</UniqueIdentifier>
      <Extensions>cpp;c;cc;cxx;def;odl;idl;hpj;bat;asm;asmx</Extensions>
    </Filter>
    <Filter Include="Header Files">
      <UniqueIdentifier>{93995380-89BD-4b04-88EB-625FBE52EBFB}</UniqueIdentifier>
      <Extensions>h;hpp;hxx;hm;inl;inc;xsd</Extensions>
    </Filter>
    <Filter Include="Resource Files">
      <UniqueIdentifier>{67DA6AB6-F800-4c08-8B7A-83BB121AAD01}</UniqueIdentifier>
      <Extensions>rc;ico;cur;bmp;dlg;rc2;rct;bin;rgs;gif;jpg;jpeg;jpe;resx;tiff;tif;png;wav;mfcribbon-ms</Extensions>
    </Filter>
    <Filter Include="Header Files\Systems">
      <UniqueIdentifier>{c44227a5-a976-4cbd-ae6f-6a7644da5b2a}</UniqueIdentifier>
    </Filter>
    <Filter Include="Header Files\Components">
      <UniqueIdentifier>{d66c6919-e4d5-46d8-b8c3-f9d286fac3a1}</UniqueIdentifier>
    </Filter>
    <Filter Include="Header Files\Other">
      <UniqueIdentifier>{07840672-1e06-463c-b336-c136e2dddae2}</UniqueIdentifier>
    </Filter>
    <Filter Include="Source Files\Other">
      <UniqueIdentifier>{00375ab0-6b74-4dd0-9db7-9325c85b354d}</UniqueIdentifier>
    </Filter>
    <Filter Include="Source Files\Systems">
      <UniqueIdentifier>{9a4236e1-c54d-48bf-9ec4-29d2d9bd28d4}</UniqueIdentifier>
    </Filter>
    <Filter Include="Source Files\Camera">
      <UniqueIdentifier>{f4623746-4cdc-456b-9b96-3d8e35c96bd7}</UniqueIdentifier>
    </Filter>
    <Filter Include="Header Files\Camera">
      <UniqueIdentifier>{3213237f-25c4-4ac6-bfb4-179594720d32}</UniqueIdentifier>
    </Filter>
    <Filter Include="Header Files\Factory">
      <UniqueIdentifier>{ea7c3112-7999-434a-8cc0-68a0a1f4cc6f}</UniqueIdentifier>
    </Filter>
    <Filter Include="Source Files\Factory">
      <UniqueIdentifier>{009abd5c-7c85-4726-a96d-b5151b79e69d}</UniqueIdentifier>
    </Filter>
    <Filter Include="Source Files\Scenes">
      <UniqueIdentifier>{4b72acfb-6827-43c8-8cd5-32b68f09cbea}</UniqueIdentifier>
    </Filter>
    <Filter Include="Header Files\Scenes">
      <UniqueIdentifier>{c2f0286d-2c25-44d7-accd-d4cc5e8ce013}</UniqueIdentifier>
    </Filter>
    <Filter Include="Header Files\AStar">
      <UniqueIdentifier>{e3723ed2-31a1-44cd-abf8-2410b0fa5676}</UniqueIdentifier>
    </Filter>
    <Filter Include="Source Files\AStar">
      <UniqueIdentifier>{d40d044d-eac5-4ce9-89f0-17611edc615a}</UniqueIdentifier>
    </Filter>
    <Filter Include="Header Files\Other\Enums">
      <UniqueIdentifier>{718127f5-f04d-42fa-81b8-36927d6b7ea4}</UniqueIdentifier>
    </Filter>
    <Filter Include="Header Files\Other\Helpers">
      <UniqueIdentifier>{6e3874dc-39a3-4434-9f18-98507c58893d}</UniqueIdentifier>
    </Filter>
    <Filter Include="Header Files\Other\Particles">
      <UniqueIdentifier>{464b324b-24ed-46df-8711-b45774340fb2}</UniqueIdentifier>
    </Filter>
    <Filter Include="Source Files\Other\Particles">
      <UniqueIdentifier>{1fbc95dc-c730-44f1-8751-c8ad6134ec60}</UniqueIdentifier>
    </Filter>
  </ItemGroup>
  <ItemGroup>
    <ClInclude Include="include\SpriteComponent.h">
      <Filter>Header Files\Components</Filter>
    </ClInclude>
    <ClInclude Include="include\PhysicsComponent.h">
      <Filter>Header Files\Components</Filter>
    </ClInclude>
    <ClInclude Include="include\Component.h">
      <Filter>Header Files\Components</Filter>
    </ClInclude>
    <ClInclude Include="include\System.h">
      <Filter>Header Files\Systems</Filter>
    </ClInclude>
    <ClInclude Include="include\RenderSystem.h">
      <Filter>Header Files\Systems</Filter>
    </ClInclude>
    <ClInclude Include="include\PhysicsSystem.h">
      <Filter>Header Files\Systems</Filter>
    </ClInclude>
    <ClInclude Include="include\Entity.h">
      <Filter>Header Files\Other</Filter>
    </ClInclude>
    <ClInclude Include="include\Camera2D.h">
      <Filter>Header Files\Camera</Filter>
    </ClInclude>
    <ClInclude Include="include\PerlinNoise.h">
      <Filter>Header Files\Camera</Filter>
    </ClInclude>
    <ClInclude Include="include\Shake.h">
      <Filter>Header Files\Camera</Filter>
    </ClInclude>
    <ClInclude Include="include\Vector2.h">
      <Filter>Header Files\Camera</Filter>
    </ClInclude>
    <ClInclude Include="include\CameraSystem.h">
      <Filter>Header Files\Systems</Filter>
    </ClInclude>
    <ClInclude Include="include\ConstHolder.h">
      <Filter>Header Files\Other</Filter>
    </ClInclude>
    <ClInclude Include="include\LevelLoader.h">
      <Filter>Header Files\Other</Filter>
    </ClInclude>
    <ClInclude Include="include\CollisionSystem.h">
      <Filter>Header Files\Systems</Filter>
    </ClInclude>
    <ClInclude Include="include\BodyFactory.h">
      <Filter>Header Files\Factory</Filter>
    </ClInclude>
    <ClInclude Include="include\EntityFactory.h">
      <Filter>Header Files\Factory</Filter>
    </ClInclude>
    <ClInclude Include="include\Game.h">
      <Filter>Header Files\Scenes</Filter>
    </ClInclude>
    <ClInclude Include="include\SceneManager.h">
      <Filter>Header Files\Scenes</Filter>
    </ClInclude>
    <ClInclude Include="include\MainMenu.h">
      <Filter>Header Files\Scenes</Filter>
    </ClInclude>
    <ClInclude Include="include\TransformComponent.h">
      <Filter>Header Files\Components</Filter>
    </ClInclude>
    <ClInclude Include="include\ColliderComponent.h">
      <Filter>Header Files\Components</Filter>
    </ClInclude>
    <ClInclude Include="include\WeaponSystem.h">
      <Filter>Header Files\Systems</Filter>
    </ClInclude>
    <ClInclude Include="include\Graph.h">
      <Filter>Header Files\AStar</Filter>
    </ClInclude>
    <ClInclude Include="include\GraphArc.h">
      <Filter>Header Files\AStar</Filter>
    </ClInclude>
    <ClInclude Include="include\GraphNode.h">
      <Filter>Header Files\AStar</Filter>
    </ClInclude>
    <ClInclude Include="include\SceneManager.h">
      <Filter>Header Files\Other</Filter>
    </ClInclude>
    <ClInclude Include="include\EntityType.h">
      <Filter>Header Files\Other</Filter>
    </ClInclude>
    <ClInclude Include="include\GunSystem.h">
      <Filter>Header Files\Systems</Filter>
    </ClInclude>
    <ClInclude Include="include\GunComponent.h">
      <Filter>Header Files\Components</Filter>
    </ClInclude>
    <ClInclude Include="include\InteractionSystem.h">
      <Filter>Header Files\Systems</Filter>
    </ClInclude>
    <ClInclude Include="include\SystemManager.h">
      <Filter>Header Files\Systems</Filter>
    </ClInclude>
    <ClInclude Include="include\Scene.h">
      <Filter>Header Files\Scenes</Filter>
    </ClInclude>
    <ClInclude Include="include\AISystem.h">
      <Filter>Header Files\Systems</Filter>
    </ClInclude>
    <ClInclude Include="include\AIComponent.h">
      <Filter>Header Files\Components</Filter>
    </ClInclude>
    <ClInclude Include="include\WaypointSystem.h">
      <Filter>Header Files\Systems</Filter>
    </ClInclude>
    <ClInclude Include="include\DestructionComponent.h">
      <Filter>Header Files\Components</Filter>
    </ClInclude>
    <ClInclude Include="include\DestructionSystem.h">
      <Filter>Header Files\Systems</Filter>
    </ClInclude>
    <ClInclude Include="include\About.h">
      <Filter>Header Files\Scenes</Filter>
    </ClInclude>
    <ClInclude Include="include\Lobby.h">
      <Filter>Header Files\Scenes</Filter>
    </ClInclude>
    <ClInclude Include="include\Options.h">
      <Filter>Header Files\Scenes</Filter>
    </ClInclude>
    <ClInclude Include="ServerProject\Net.h">
      <Filter>Header Files\Other</Filter>
    </ClInclude>
    <ClInclude Include="include\FlagComponent.h">
      <Filter>Header Files\Components</Filter>
    </ClInclude>
    <ClInclude Include="include\CheckpointComponent.h">
      <Filter>Header Files\Components</Filter>
    </ClInclude>
    <ClInclude Include="include\FlagCheckpointSystem.h">
      <Filter>Header Files\Systems</Filter>
    </ClInclude>
    <ClInclude Include="include\UISystem.h">
      <Filter>Header Files\Systems</Filter>
    </ClInclude>
    <ClInclude Include="include\NetworkHandler.h">
      <Filter>Header Files\Other</Filter>
    </ClInclude>
    <ClInclude Include="include\CreationSystem.h">
      <Filter>Header Files\Systems</Filter>
    </ClInclude>
    <ClInclude Include="include\StatusEffectComponent.h">
      <Filter>Header Files\Components</Filter>
    </ClInclude>
    <ClInclude Include="include\StatusEffectSystem.h">
      <Filter>Header Files\Systems</Filter>
    </ClInclude>
    <ClInclude Include="include\PowerUpComponent.h">
      <Filter>Header Files\Components</Filter>
    </ClInclude>
    <ClInclude Include="include\AudioManager.h">
      <Filter>Header Files\Other</Filter>
    </ClInclude>
    <ClInclude Include="include\AnimationComponent.h">
      <Filter>Header Files\Components</Filter>
    </ClInclude>
    <ClInclude Include="include\RemoteComponent.h">
      <Filter>Header Files\Systems</Filter>
    </ClInclude>
    <ClInclude Include="include\RemoteSystem.h">
      <Filter>Header Files\Systems</Filter>
    </ClInclude>
    <ClInclude Include="include\WeaponComponent.h">
      <Filter>Header Files\Components</Filter>
    </ClInclude>
    <ClInclude Include="include\EntityType.h">
      <Filter>Header Files\Other\Enums</Filter>
    </ClInclude>
    <ClInclude Include="include\InteractionSystemEvents.h">
      <Filter>Header Files\Other\Enums</Filter>
    </ClInclude>
    <ClInclude Include="include\ResourceIdentifier.h">
      <Filter>Header Files\Other\Enums</Filter>
    </ClInclude>
    <ClInclude Include="include\SystemTypes.h">
      <Filter>Header Files\Other\Enums</Filter>
    </ClInclude>
    <ClInclude Include="include\BasicTypes.h">
      <Filter>Header Files\Other\Helpers</Filter>
    </ClInclude>
    <ClInclude Include="include\Helpers.h">
      <Filter>Header Files\Other\Helpers</Filter>
    </ClInclude>
    <ClInclude Include="include\FLInputManager.h">
      <Filter>Header Files\Other\Helpers</Filter>
    </ClInclude>
    <ClInclude Include="include\LTimer.h">
      <Filter>Header Files\Other\Helpers</Filter>
    </ClInclude>
    <ClInclude Include="include\AnimationSystem.h">
      <Filter>Header Files\Systems</Filter>
    </ClInclude>
    <ClInclude Include="include\ParticleComponent.h">
      <Filter>Header Files\Components</Filter>
    </ClInclude>
    <ClInclude Include="include\ParticleManager.h">
      <Filter>Header Files\Other\Particles</Filter>
    </ClInclude>
    <ClInclude Include="include\ParticleObj.h">
      <Filter>Header Files\Other\Particles</Filter>
    </ClInclude>
    <ClInclude Include="include\Shape.h">
      <Filter>Header Files\Other\Particles</Filter>
    </ClInclude>
    <ClInclude Include="include\Vector2i.h">
      <Filter>Header Files\Other\Helpers</Filter>
    </ClInclude>
    <ClInclude Include="include\Vector2b.h">
      <Filter>Header Files\Other\Helpers</Filter>
    </ClInclude>
    <ClInclude Include="include\RadarSystem.h">
      <Filter>Header Files\Systems</Filter>
    </ClInclude>
    <ClInclude Include="include\ParticleSystem.h">
      <Filter>Header Files\Systems</Filter>
    </ClInclude>
    <ClInclude Include="include\GameOver.h">
      <Filter>Header Files\Scenes</Filter>
    </ClInclude>
    <ClInclude Include="include\AIState.h">
      <Filter>Header Files\Other\Enums</Filter>
    </ClInclude>
  </ItemGroup>
  <ItemGroup>
    <Xml Include="Levels.xml">
      <Filter>Resource Files</Filter>
    </Xml>
  </ItemGroup>
  <ItemGroup>
    <ClCompile Include="src\PhysicsSystem.cpp">
      <Filter>Source Files\Systems</Filter>
    </ClCompile>
    <ClCompile Include="src\RenderSystem.cpp">
      <Filter>Source Files\Systems</Filter>
    </ClCompile>
    <ClCompile Include="src\System.cpp">
      <Filter>Source Files\Systems</Filter>
    </ClCompile>
    <ClCompile Include="src\Entity.cpp">
      <Filter>Source Files\Other</Filter>
    </ClCompile>
    <ClCompile Include="src\LTimer.cpp">
      <Filter>Source Files\Other</Filter>
    </ClCompile>
    <ClCompile Include="src\FLInputManager.cpp">
      <Filter>Source Files\Other</Filter>
    </ClCompile>
    <ClCompile Include="src\Camera2D.cpp">
      <Filter>Source Files\Camera</Filter>
    </ClCompile>
    <ClCompile Include="src\Shake.cpp">
      <Filter>Source Files\Camera</Filter>
    </ClCompile>
    <ClCompile Include="src\PerlinNoise.cpp">
      <Filter>Source Files\Camera</Filter>
    </ClCompile>
    <ClCompile Include="src\LevelLoader.cpp">
      <Filter>Source Files\Other</Filter>
    </ClCompile>
    <ClCompile Include="src\CollisionSystem.cpp">
      <Filter>Source Files\Systems</Filter>
    </ClCompile>
    <ClCompile Include="src\EntityFactory.cpp">
      <Filter>Source Files\Factory</Filter>
    </ClCompile>
    <ClCompile Include="src\BodyFactory.cpp">
      <Filter>Source Files\Factory</Filter>
    </ClCompile>
    <ClCompile Include="src\Game.cpp">
      <Filter>Source Files\Scenes</Filter>
    </ClCompile>
    <ClCompile Include="src\WeaponSystem.cpp">
      <Filter>Source Files\Systems</Filter>
    </ClCompile>
    <ClCompile Include="src\InteractionSystem.cpp">
      <Filter>Source Files\Systems</Filter>
    </ClCompile>
    <ClCompile Include="src\GunSystem.cpp">
      <Filter>Source Files\Systems</Filter>
    </ClCompile>
    <ClCompile Include="src\SceneManager.cpp">
      <Filter>Source Files\Scenes</Filter>
    </ClCompile>
    <ClCompile Include="src\main.cpp">
      <Filter>Source Files\Scenes</Filter>
    </ClCompile>
    <ClCompile Include="src\MainMenu.cpp">
      <Filter>Source Files\Scenes</Filter>
    </ClCompile>
    <ClCompile Include="src\Scene.cpp">
      <Filter>Source Files\Scenes</Filter>
    </ClCompile>
    <ClCompile Include="src\SystemManager.cpp">
      <Filter>Source Files\Systems</Filter>
    </ClCompile>
    <ClCompile Include="src\CameraSystem.cpp">
      <Filter>Source Files\Systems</Filter>
    </ClCompile>
    <ClCompile Include="src\AISystem.cpp">
      <Filter>Source Files\Systems</Filter>
    </ClCompile>
    <ClCompile Include="src\GraphNode.cpp">
      <Filter>Source Files\AStar</Filter>
    </ClCompile>
    <ClCompile Include="src\Graph.cpp">
      <Filter>Source Files\AStar</Filter>
    </ClCompile>
    <ClCompile Include="src\WaypointSystem.cpp">
      <Filter>Source Files\Systems</Filter>
    </ClCompile>
    <ClCompile Include="src\DestructionSystem.cpp">
      <Filter>Source Files\Systems</Filter>
    </ClCompile>
    <ClCompile Include="src\About.cpp">
      <Filter>Source Files\Scenes</Filter>
    </ClCompile>
    <ClCompile Include="src\Lobby.cpp">
      <Filter>Source Files\Scenes</Filter>
    </ClCompile>
    <ClCompile Include="src\Options.cpp">
      <Filter>Source Files\Scenes</Filter>
    </ClCompile>
    <ClCompile Include="ServerProject\Net.cpp">
      <Filter>Source Files\Other</Filter>
    </ClCompile>
    <ClCompile Include="src\FlagCheckpointSystem.cpp">
      <Filter>Source Files\Systems</Filter>
    </ClCompile>
    <ClCompile Include="src\UISystem.cpp">
      <Filter>Source Files\Systems</Filter>
    </ClCompile>
    <ClCompile Include="src\NetworkHandler.cpp">
      <Filter>Source Files\Other</Filter>
    </ClCompile>
    <ClCompile Include="src\CreationSystem.cpp">
      <Filter>Source Files\Systems</Filter>
    </ClCompile>
    <ClCompile Include="src\StatusEffectSystem.cpp">
      <Filter>Source Files\Systems</Filter>
    </ClCompile>
    <ClCompile Include="src\AudioManager.cpp">
      <Filter>Source Files\Other</Filter>
    </ClCompile>
    <ClCompile Include="src\AnimationSystem.cpp">
      <Filter>Source Files\Systems</Filter>
    </ClCompile>
    <ClCompile Include="src\RemoteSystem.cpp">
      <Filter>Source Files\Systems</Filter>
    </ClCompile>
    <ClCompile Include="src\Shape.cpp">
      <Filter>Source Files\Other\Particles</Filter>
    </ClCompile>
    <ClCompile Include="src\ParticleManager.cpp">
      <Filter>Source Files\Other\Particles</Filter>
    </ClCompile>
    <ClCompile Include="src\ParticleObj.cpp">
      <Filter>Source Files\Other\Particles</Filter>
    </ClCompile>
    <ClCompile Include="src\RadarSystem.cpp">
      <Filter>Source Files\Systems</Filter>
    </ClCompile>
    <ClCompile Include="src\ParticleSystem.cpp">
      <Filter>Source Files\Systems</Filter>
    </ClCompile>
    <ClCompile Include="GameOver.cpp">
      <Filter>Source Files\Scenes</Filter>
    </ClCompile>
  </ItemGroup>
</Project>